// !$*UTF8*$!
{
	archiveVersion = 1;
	classes = {
	};
	objectVersion = 50;
	objects = {

/* Begin PBXBuildFile section */
		8404C80D23F5F9D6008498CE /* AppDelegate.swift in Sources */ = {isa = PBXBuildFile; fileRef = 8404C80C23F5F9D6008498CE /* AppDelegate.swift */; };
		8404C80F23F5F9D6008498CE /* SceneDelegate.swift in Sources */ = {isa = PBXBuildFile; fileRef = 8404C80E23F5F9D6008498CE /* SceneDelegate.swift */; };
		8404C81123F5F9D6008498CE /* ContentView.swift in Sources */ = {isa = PBXBuildFile; fileRef = 8404C81023F5F9D6008498CE /* ContentView.swift */; };
		8404C81323F5F9D8008498CE /* Assets.xcassets in Resources */ = {isa = PBXBuildFile; fileRef = 8404C81223F5F9D8008498CE /* Assets.xcassets */; };
		8404C81623F5F9D8008498CE /* Preview Assets.xcassets in Resources */ = {isa = PBXBuildFile; fileRef = 8404C81523F5F9D8008498CE /* Preview Assets.xcassets */; };
		8404C81923F5F9D8008498CE /* LaunchScreen.storyboard in Resources */ = {isa = PBXBuildFile; fileRef = 8404C81723F5F9D8008498CE /* LaunchScreen.storyboard */; };
		8404C82423F5F9D9008498CE /* Text_RecognitionTests.swift in Sources */ = {isa = PBXBuildFile; fileRef = 8404C82323F5F9D9008498CE /* Text_RecognitionTests.swift */; };
		8404C82F23F5F9D9008498CE /* Text_RecognitionUITests.swift in Sources */ = {isa = PBXBuildFile; fileRef = 8404C82E23F5F9D9008498CE /* Text_RecognitionUITests.swift */; };
		8404C83D23F5F9FC008498CE /* TextRecognizer.swift in Sources */ = {isa = PBXBuildFile; fileRef = 8404C83C23F5F9FC008498CE /* TextRecognizer.swift */; };
		8404C83F23F5FA49008498CE /* ScannerView.swift in Sources */ = {isa = PBXBuildFile; fileRef = 8404C83E23F5FA49008498CE /* ScannerView.swift */; };
/* End PBXBuildFile section */

/* Begin PBXContainerItemProxy section */
		8404C82023F5F9D9008498CE /* PBXContainerItemProxy */ = {
			isa = PBXContainerItemProxy;
			containerPortal = 8404C80123F5F9D6008498CE /* Project object */;
			proxyType = 1;
			remoteGlobalIDString = 8404C80823F5F9D6008498CE;
			remoteInfo = "Text Recognition";
		};
		8404C82B23F5F9D9008498CE /* PBXContainerItemProxy */ = {
			isa = PBXContainerItemProxy;
			containerPortal = 8404C80123F5F9D6008498CE /* Project object */;
			proxyType = 1;
			remoteGlobalIDString = 8404C80823F5F9D6008498CE;
			remoteInfo = "Text Recognition";
		};
/* End PBXContainerItemProxy section */

/* Begin PBXFileReference section */
		8404C80923F5F9D6008498CE /* Text Recognition.app */ = {isa = PBXFileReference; explicitFileType = wrapper.application; includeInIndex = 0; path = "Text Recognition.app"; sourceTree = BUILT_PRODUCTS_DIR; };
		8404C80C23F5F9D6008498CE /* AppDelegate.swift */ = {isa = PBXFileReference; lastKnownFileType = sourcecode.swift; path = AppDelegate.swift; sourceTree = "<group>"; };
		8404C80E23F5F9D6008498CE /* SceneDelegate.swift */ = {isa = PBXFileReference; lastKnownFileType = sourcecode.swift; path = SceneDelegate.swift; sourceTree = "<group>"; };
		8404C81023F5F9D6008498CE /* ContentView.swift */ = {isa = PBXFileReference; lastKnownFileType = sourcecode.swift; path = ContentView.swift; sourceTree = "<group>"; };
		8404C81223F5F9D8008498CE /* Assets.xcassets */ = {isa = PBXFileReference; lastKnownFileType = folder.assetcatalog; path = Assets.xcassets; sourceTree = "<group>"; };
		8404C81523F5F9D8008498CE /* Preview Assets.xcassets */ = {isa = PBXFileReference; lastKnownFileType = folder.assetcatalog; path = "Preview Assets.xcassets"; sourceTree = "<group>"; };
		8404C81823F5F9D8008498CE /* Base */ = {isa = PBXFileReference; lastKnownFileType = file.storyboard; name = Base; path = Base.lproj/LaunchScreen.storyboard; sourceTree = "<group>"; };
		8404C81A23F5F9D8008498CE /* Info.plist */ = {isa = PBXFileReference; lastKnownFileType = text.plist.xml; path = Info.plist; sourceTree = "<group>"; };
		8404C81F23F5F9D9008498CE /* Text RecognitionTests.xctest */ = {isa = PBXFileReference; explicitFileType = wrapper.cfbundle; includeInIndex = 0; path = "Text RecognitionTests.xctest"; sourceTree = BUILT_PRODUCTS_DIR; };
		8404C82323F5F9D9008498CE /* Text_RecognitionTests.swift */ = {isa = PBXFileReference; lastKnownFileType = sourcecode.swift; path = Text_RecognitionTests.swift; sourceTree = "<group>"; };
		8404C82523F5F9D9008498CE /* Info.plist */ = {isa = PBXFileReference; lastKnownFileType = text.plist.xml; path = Info.plist; sourceTree = "<group>"; };
		8404C82A23F5F9D9008498CE /* Text RecognitionUITests.xctest */ = {isa = PBXFileReference; explicitFileType = wrapper.cfbundle; includeInIndex = 0; path = "Text RecognitionUITests.xctest"; sourceTree = BUILT_PRODUCTS_DIR; };
		8404C82E23F5F9D9008498CE /* Text_RecognitionUITests.swift */ = {isa = PBXFileReference; lastKnownFileType = sourcecode.swift; path = Text_RecognitionUITests.swift; sourceTree = "<group>"; };
		8404C83023F5F9D9008498CE /* Info.plist */ = {isa = PBXFileReference; lastKnownFileType = text.plist.xml; path = Info.plist; sourceTree = "<group>"; };
		8404C83C23F5F9FC008498CE /* TextRecognizer.swift */ = {isa = PBXFileReference; lastKnownFileType = sourcecode.swift; path = TextRecognizer.swift; sourceTree = "<group>"; };
		8404C83E23F5FA49008498CE /* ScannerView.swift */ = {isa = PBXFileReference; lastKnownFileType = sourcecode.swift; path = ScannerView.swift; sourceTree = "<group>"; };
/* End PBXFileReference section */

/* Begin PBXFrameworksBuildPhase section */
		8404C80623F5F9D6008498CE /* Frameworks */ = {
			isa = PBXFrameworksBuildPhase;
			buildActionMask = 2147483647;
			files = (
			);
			runOnlyForDeploymentPostprocessing = 0;
		};
		8404C81C23F5F9D9008498CE /* Frameworks */ = {
			isa = PBXFrameworksBuildPhase;
			buildActionMask = 2147483647;
			files = (
			);
			runOnlyForDeploymentPostprocessing = 0;
		};
		8404C82723F5F9D9008498CE /* Frameworks */ = {
			isa = PBXFrameworksBuildPhase;
			buildActionMask = 2147483647;
			files = (
			);
			runOnlyForDeploymentPostprocessing = 0;
		};
/* End PBXFrameworksBuildPhase section */

/* Begin PBXGroup section */
		8404C80023F5F9D6008498CE = {
			isa = PBXGroup;
			children = (
				8404C80B23F5F9D6008498CE /* Text Recognition */,
				8404C82223F5F9D9008498CE /* Text RecognitionTests */,
				8404C82D23F5F9D9008498CE /* Text RecognitionUITests */,
				8404C80A23F5F9D6008498CE /* Products */,
			);
			sourceTree = "<group>";
		};
		8404C80A23F5F9D6008498CE /* Products */ = {
			isa = PBXGroup;
			children = (
				8404C80923F5F9D6008498CE /* Text Recognition.app */,
				8404C81F23F5F9D9008498CE /* Text RecognitionTests.xctest */,
				8404C82A23F5F9D9008498CE /* Text RecognitionUITests.xctest */,
			);
			name = Products;
			sourceTree = "<group>";
		};
		8404C80B23F5F9D6008498CE /* Text Recognition */ = {
			isa = PBXGroup;
			children = (
				8404C80C23F5F9D6008498CE /* AppDelegate.swift */,
				8404C80E23F5F9D6008498CE /* SceneDelegate.swift */,
				8404C81023F5F9D6008498CE /* ContentView.swift */,
				8404C81223F5F9D8008498CE /* Assets.xcassets */,
				8404C81723F5F9D8008498CE /* LaunchScreen.storyboard */,
				8404C81A23F5F9D8008498CE /* Info.plist */,
				8404C81423F5F9D8008498CE /* Preview Content */,
				8404C83C23F5F9FC008498CE /* TextRecognizer.swift */,
				8404C83E23F5FA49008498CE /* ScannerView.swift */,
			);
			path = "Text Recognition";
			sourceTree = "<group>";
		};
		8404C81423F5F9D8008498CE /* Preview Content */ = {
			isa = PBXGroup;
			children = (
				8404C81523F5F9D8008498CE /* Preview Assets.xcassets */,
			);
			path = "Preview Content";
			sourceTree = "<group>";
		};
		8404C82223F5F9D9008498CE /* Text RecognitionTests */ = {
			isa = PBXGroup;
			children = (
				8404C82323F5F9D9008498CE /* Text_RecognitionTests.swift */,
				8404C82523F5F9D9008498CE /* Info.plist */,
			);
			path = "Text RecognitionTests";
			sourceTree = "<group>";
		};
		8404C82D23F5F9D9008498CE /* Text RecognitionUITests */ = {
			isa = PBXGroup;
			children = (
				8404C82E23F5F9D9008498CE /* Text_RecognitionUITests.swift */,
				8404C83023F5F9D9008498CE /* Info.plist */,
			);
			path = "Text RecognitionUITests";
			sourceTree = "<group>";
		};
/* End PBXGroup section */

/* Begin PBXNativeTarget section */
		8404C80823F5F9D6008498CE /* Text Recognition */ = {
			isa = PBXNativeTarget;
			buildConfigurationList = 8404C83323F5F9D9008498CE /* Build configuration list for PBXNativeTarget "Text Recognition" */;
			buildPhases = (
				8404C80523F5F9D6008498CE /* Sources */,
				8404C80623F5F9D6008498CE /* Frameworks */,
				8404C80723F5F9D6008498CE /* Resources */,
			);
			buildRules = (
			);
			dependencies = (
			);
			name = "Text Recognition";
			productName = "Text Recognition";
			productReference = 8404C80923F5F9D6008498CE /* Text Recognition.app */;
			productType = "com.apple.product-type.application";
		};
		8404C81E23F5F9D9008498CE /* Text RecognitionTests */ = {
			isa = PBXNativeTarget;
			buildConfigurationList = 8404C83623F5F9D9008498CE /* Build configuration list for PBXNativeTarget "Text RecognitionTests" */;
			buildPhases = (
				8404C81B23F5F9D9008498CE /* Sources */,
				8404C81C23F5F9D9008498CE /* Frameworks */,
				8404C81D23F5F9D9008498CE /* Resources */,
			);
			buildRules = (
			);
			dependencies = (
				8404C82123F5F9D9008498CE /* PBXTargetDependency */,
			);
			name = "Text RecognitionTests";
			productName = "Text RecognitionTests";
			productReference = 8404C81F23F5F9D9008498CE /* Text RecognitionTests.xctest */;
			productType = "com.apple.product-type.bundle.unit-test";
		};
		8404C82923F5F9D9008498CE /* Text RecognitionUITests */ = {
			isa = PBXNativeTarget;
			buildConfigurationList = 8404C83923F5F9D9008498CE /* Build configuration list for PBXNativeTarget "Text RecognitionUITests" */;
			buildPhases = (
				8404C82623F5F9D9008498CE /* Sources */,
				8404C82723F5F9D9008498CE /* Frameworks */,
				8404C82823F5F9D9008498CE /* Resources */,
			);
			buildRules = (
			);
			dependencies = (
				8404C82C23F5F9D9008498CE /* PBXTargetDependency */,
			);
			name = "Text RecognitionUITests";
			productName = "Text RecognitionUITests";
			productReference = 8404C82A23F5F9D9008498CE /* Text RecognitionUITests.xctest */;
			productType = "com.apple.product-type.bundle.ui-testing";
		};
/* End PBXNativeTarget section */

/* Begin PBXProject section */
		8404C80123F5F9D6008498CE /* Project object */ = {
			isa = PBXProject;
			attributes = {
				LastSwiftUpdateCheck = 1130;
				LastUpgradeCheck = 1130;
				ORGANIZATIONNAME = DenysPashkov;
				TargetAttributes = {
					8404C80823F5F9D6008498CE = {
						CreatedOnToolsVersion = 11.3.1;
					};
					8404C81E23F5F9D9008498CE = {
						CreatedOnToolsVersion = 11.3.1;
						TestTargetID = 8404C80823F5F9D6008498CE;
					};
					8404C82923F5F9D9008498CE = {
						CreatedOnToolsVersion = 11.3.1;
						TestTargetID = 8404C80823F5F9D6008498CE;
					};
				};
			};
			buildConfigurationList = 8404C80423F5F9D6008498CE /* Build configuration list for PBXProject "Text Recognition" */;
			compatibilityVersion = "Xcode 9.3";
			developmentRegion = en;
			hasScannedForEncodings = 0;
			knownRegions = (
				en,
				Base,
			);
			mainGroup = 8404C80023F5F9D6008498CE;
			productRefGroup = 8404C80A23F5F9D6008498CE /* Products */;
			projectDirPath = "";
			projectRoot = "";
			targets = (
				8404C80823F5F9D6008498CE /* Text Recognition */,
				8404C81E23F5F9D9008498CE /* Text RecognitionTests */,
				8404C82923F5F9D9008498CE /* Text RecognitionUITests */,
			);
		};
/* End PBXProject section */

/* Begin PBXResourcesBuildPhase section */
		8404C80723F5F9D6008498CE /* Resources */ = {
			isa = PBXResourcesBuildPhase;
			buildActionMask = 2147483647;
			files = (
				8404C81923F5F9D8008498CE /* LaunchScreen.storyboard in Resources */,
				8404C81623F5F9D8008498CE /* Preview Assets.xcassets in Resources */,
				8404C81323F5F9D8008498CE /* Assets.xcassets in Resources */,
			);
			runOnlyForDeploymentPostprocessing = 0;
		};
		8404C81D23F5F9D9008498CE /* Resources */ = {
			isa = PBXResourcesBuildPhase;
			buildActionMask = 2147483647;
			files = (
			);
			runOnlyForDeploymentPostprocessing = 0;
		};
		8404C82823F5F9D9008498CE /* Resources */ = {
			isa = PBXResourcesBuildPhase;
			buildActionMask = 2147483647;
			files = (
			);
			runOnlyForDeploymentPostprocessing = 0;
		};
/* End PBXResourcesBuildPhase section */

/* Begin PBXSourcesBuildPhase section */
		8404C80523F5F9D6008498CE /* Sources */ = {
			isa = PBXSourcesBuildPhase;
			buildActionMask = 2147483647;
			files = (
				8404C83D23F5F9FC008498CE /* TextRecognizer.swift in Sources */,
				8404C80D23F5F9D6008498CE /* AppDelegate.swift in Sources */,
				8404C80F23F5F9D6008498CE /* SceneDelegate.swift in Sources */,
				8404C81123F5F9D6008498CE /* ContentView.swift in Sources */,
				8404C83F23F5FA49008498CE /* ScannerView.swift in Sources */,
			);
			runOnlyForDeploymentPostprocessing = 0;
		};
		8404C81B23F5F9D9008498CE /* Sources */ = {
			isa = PBXSourcesBuildPhase;
			buildActionMask = 2147483647;
			files = (
				8404C82423F5F9D9008498CE /* Text_RecognitionTests.swift in Sources */,
			);
			runOnlyForDeploymentPostprocessing = 0;
		};
		8404C82623F5F9D9008498CE /* Sources */ = {
			isa = PBXSourcesBuildPhase;
			buildActionMask = 2147483647;
			files = (
				8404C82F23F5F9D9008498CE /* Text_RecognitionUITests.swift in Sources */,
			);
			runOnlyForDeploymentPostprocessing = 0;
		};
/* End PBXSourcesBuildPhase section */

/* Begin PBXTargetDependency section */
		8404C82123F5F9D9008498CE /* PBXTargetDependency */ = {
			isa = PBXTargetDependency;
			target = 8404C80823F5F9D6008498CE /* Text Recognition */;
			targetProxy = 8404C82023F5F9D9008498CE /* PBXContainerItemProxy */;
		};
		8404C82C23F5F9D9008498CE /* PBXTargetDependency */ = {
			isa = PBXTargetDependency;
			target = 8404C80823F5F9D6008498CE /* Text Recognition */;
			targetProxy = 8404C82B23F5F9D9008498CE /* PBXContainerItemProxy */;
		};
/* End PBXTargetDependency section */

/* Begin PBXVariantGroup section */
		8404C81723F5F9D8008498CE /* LaunchScreen.storyboard */ = {
			isa = PBXVariantGroup;
			children = (
				8404C81823F5F9D8008498CE /* Base */,
			);
			name = LaunchScreen.storyboard;
			sourceTree = "<group>";
		};
/* End PBXVariantGroup section */

/* Begin XCBuildConfiguration section */
		8404C83123F5F9D9008498CE /* Debug */ = {
			isa = XCBuildConfiguration;
			buildSettings = {
				ALWAYS_SEARCH_USER_PATHS = NO;
				CLANG_ANALYZER_NONNULL = YES;
				CLANG_ANALYZER_NUMBER_OBJECT_CONVERSION = YES_AGGRESSIVE;
				CLANG_CXX_LANGUAGE_STANDARD = "gnu++14";
				CLANG_CXX_LIBRARY = "libc++";
				CLANG_ENABLE_MODULES = YES;
				CLANG_ENABLE_OBJC_ARC = YES;
				CLANG_ENABLE_OBJC_WEAK = YES;
				CLANG_WARN_BLOCK_CAPTURE_AUTORELEASING = YES;
				CLANG_WARN_BOOL_CONVERSION = YES;
				CLANG_WARN_COMMA = YES;
				CLANG_WARN_CONSTANT_CONVERSION = YES;
				CLANG_WARN_DEPRECATED_OBJC_IMPLEMENTATIONS = YES;
				CLANG_WARN_DIRECT_OBJC_ISA_USAGE = YES_ERROR;
				CLANG_WARN_DOCUMENTATION_COMMENTS = YES;
				CLANG_WARN_EMPTY_BODY = YES;
				CLANG_WARN_ENUM_CONVERSION = YES;
				CLANG_WARN_INFINITE_RECURSION = YES;
				CLANG_WARN_INT_CONVERSION = YES;
				CLANG_WARN_NON_LITERAL_NULL_CONVERSION = YES;
				CLANG_WARN_OBJC_IMPLICIT_RETAIN_SELF = YES;
				CLANG_WARN_OBJC_LITERAL_CONVERSION = YES;
				CLANG_WARN_OBJC_ROOT_CLASS = YES_ERROR;
				CLANG_WARN_RANGE_LOOP_ANALYSIS = YES;
				CLANG_WARN_STRICT_PROTOTYPES = YES;
				CLANG_WARN_SUSPICIOUS_MOVE = YES;
				CLANG_WARN_UNGUARDED_AVAILABILITY = YES_AGGRESSIVE;
				CLANG_WARN_UNREACHABLE_CODE = YES;
				CLANG_WARN__DUPLICATE_METHOD_MATCH = YES;
				COPY_PHASE_STRIP = NO;
				DEBUG_INFORMATION_FORMAT = dwarf;
				ENABLE_STRICT_OBJC_MSGSEND = YES;
				ENABLE_TESTABILITY = YES;
				GCC_C_LANGUAGE_STANDARD = gnu11;
				GCC_DYNAMIC_NO_PIC = NO;
				GCC_NO_COMMON_BLOCKS = YES;
				GCC_OPTIMIZATION_LEVEL = 0;
				GCC_PREPROCESSOR_DEFINITIONS = (
					"DEBUG=1",
					"$(inherited)",
				);
				GCC_WARN_64_TO_32_BIT_CONVERSION = YES;
				GCC_WARN_ABOUT_RETURN_TYPE = YES_ERROR;
				GCC_WARN_UNDECLARED_SELECTOR = YES;
				GCC_WARN_UNINITIALIZED_AUTOS = YES_AGGRESSIVE;
				GCC_WARN_UNUSED_FUNCTION = YES;
				GCC_WARN_UNUSED_VARIABLE = YES;
				IPHONEOS_DEPLOYMENT_TARGET = 13.2;
				MTL_ENABLE_DEBUG_INFO = INCLUDE_SOURCE;
				MTL_FAST_MATH = YES;
				ONLY_ACTIVE_ARCH = YES;
				SDKROOT = iphoneos;
				SWIFT_ACTIVE_COMPILATION_CONDITIONS = DEBUG;
				SWIFT_OPTIMIZATION_LEVEL = "-Onone";
			};
			name = Debug;
		};
		8404C83223F5F9D9008498CE /* Release */ = {
			isa = XCBuildConfiguration;
			buildSettings = {
				ALWAYS_SEARCH_USER_PATHS = NO;
				CLANG_ANALYZER_NONNULL = YES;
				CLANG_ANALYZER_NUMBER_OBJECT_CONVERSION = YES_AGGRESSIVE;
				CLANG_CXX_LANGUAGE_STANDARD = "gnu++14";
				CLANG_CXX_LIBRARY = "libc++";
				CLANG_ENABLE_MODULES = YES;
				CLANG_ENABLE_OBJC_ARC = YES;
				CLANG_ENABLE_OBJC_WEAK = YES;
				CLANG_WARN_BLOCK_CAPTURE_AUTORELEASING = YES;
				CLANG_WARN_BOOL_CONVERSION = YES;
				CLANG_WARN_COMMA = YES;
				CLANG_WARN_CONSTANT_CONVERSION = YES;
				CLANG_WARN_DEPRECATED_OBJC_IMPLEMENTATIONS = YES;
				CLANG_WARN_DIRECT_OBJC_ISA_USAGE = YES_ERROR;
				CLANG_WARN_DOCUMENTATION_COMMENTS = YES;
				CLANG_WARN_EMPTY_BODY = YES;
				CLANG_WARN_ENUM_CONVERSION = YES;
				CLANG_WARN_INFINITE_RECURSION = YES;
				CLANG_WARN_INT_CONVERSION = YES;
				CLANG_WARN_NON_LITERAL_NULL_CONVERSION = YES;
				CLANG_WARN_OBJC_IMPLICIT_RETAIN_SELF = YES;
				CLANG_WARN_OBJC_LITERAL_CONVERSION = YES;
				CLANG_WARN_OBJC_ROOT_CLASS = YES_ERROR;
				CLANG_WARN_RANGE_LOOP_ANALYSIS = YES;
				CLANG_WARN_STRICT_PROTOTYPES = YES;
				CLANG_WARN_SUSPICIOUS_MOVE = YES;
				CLANG_WARN_UNGUARDED_AVAILABILITY = YES_AGGRESSIVE;
				CLANG_WARN_UNREACHABLE_CODE = YES;
				CLANG_WARN__DUPLICATE_METHOD_MATCH = YES;
				COPY_PHASE_STRIP = NO;
				DEBUG_INFORMATION_FORMAT = "dwarf-with-dsym";
				ENABLE_NS_ASSERTIONS = NO;
				ENABLE_STRICT_OBJC_MSGSEND = YES;
				GCC_C_LANGUAGE_STANDARD = gnu11;
				GCC_NO_COMMON_BLOCKS = YES;
				GCC_WARN_64_TO_32_BIT_CONVERSION = YES;
				GCC_WARN_ABOUT_RETURN_TYPE = YES_ERROR;
				GCC_WARN_UNDECLARED_SELECTOR = YES;
				GCC_WARN_UNINITIALIZED_AUTOS = YES_AGGRESSIVE;
				GCC_WARN_UNUSED_FUNCTION = YES;
				GCC_WARN_UNUSED_VARIABLE = YES;
				IPHONEOS_DEPLOYMENT_TARGET = 13.2;
				MTL_ENABLE_DEBUG_INFO = NO;
				MTL_FAST_MATH = YES;
				SDKROOT = iphoneos;
				SWIFT_COMPILATION_MODE = wholemodule;
				SWIFT_OPTIMIZATION_LEVEL = "-O";
				VALIDATE_PRODUCT = YES;
			};
			name = Release;
		};
		8404C83423F5F9D9008498CE /* Debug */ = {
			isa = XCBuildConfiguration;
			buildSettings = {
				ASSETCATALOG_COMPILER_APPICON_NAME = AppIcon;
				CODE_SIGN_STYLE = Automatic;
				DEVELOPMENT_ASSET_PATHS = "\"Text Recognition/Preview Content\"";
				DEVELOPMENT_TEAM = 44MJBDB342;
				ENABLE_PREVIEWS = YES;
				INFOPLIST_FILE = "Text Recognition/Info.plist";
				LD_RUNPATH_SEARCH_PATHS = (
					"$(inherited)",
					"@executable_path/Frameworks",
				);
				PRODUCT_BUNDLE_IDENTIFIER = "com.DenysPashkov.Text-Recognition";
				PRODUCT_NAME = "$(TARGET_NAME)";
				SWIFT_VERSION = 5.0;
				TARGETED_DEVICE_FAMILY = "1,2";
			};
			name = Debug;
		};
		8404C83523F5F9D9008498CE /* Release */ = {
			isa = XCBuildConfiguration;
			buildSettings = {
				ASSETCATALOG_COMPILER_APPICON_NAME = AppIcon;
				CODE_SIGN_STYLE = Automatic;
				DEVELOPMENT_ASSET_PATHS = "\"Text Recognition/Preview Content\"";
				DEVELOPMENT_TEAM = 44MJBDB342;
				ENABLE_PREVIEWS = YES;
				INFOPLIST_FILE = "Text Recognition/Info.plist";
				LD_RUNPATH_SEARCH_PATHS = (
					"$(inherited)",
					"@executable_path/Frameworks",
				);
				PRODUCT_BUNDLE_IDENTIFIER = "com.DenysPashkov.Text-Recognition";
				PRODUCT_NAME = "$(TARGET_NAME)";
				SWIFT_VERSION = 5.0;
				TARGETED_DEVICE_FAMILY = "1,2";
			};
			name = Release;
		};
		8404C83723F5F9D9008498CE /* Debug */ = {
			isa = XCBuildConfiguration;
			buildSettings = {
				ALWAYS_EMBED_SWIFT_STANDARD_LIBRARIES = YES;
				BUNDLE_LOADER = "$(TEST_HOST)";
				CODE_SIGN_STYLE = Automatic;
				DEVELOPMENT_TEAM = 44MJBDB342;
				INFOPLIST_FILE = "Text RecognitionTests/Info.plist";
				IPHONEOS_DEPLOYMENT_TARGET = 13.2;
				LD_RUNPATH_SEARCH_PATHS = (
					"$(inherited)",
					"@executable_path/Frameworks",
					"@loader_path/Frameworks",
				);
				PRODUCT_BUNDLE_IDENTIFIER = "com.DenysPashkov.Text-RecognitionTests";
				PRODUCT_NAME = "$(TARGET_NAME)";
				SWIFT_VERSION = 5.0;
				TARGETED_DEVICE_FAMILY = "1,2";
				TEST_HOST = "$(BUILT_PRODUCTS_DIR)/Text Recognition.app/Text Recognition";
			};
			name = Debug;
		};
		8404C83823F5F9D9008498CE /* Release */ = {
			isa = XCBuildConfiguration;
			buildSettings = {
				ALWAYS_EMBED_SWIFT_STANDARD_LIBRARIES = YES;
				BUNDLE_LOADER = "$(TEST_HOST)";
				CODE_SIGN_STYLE = Automatic;
				DEVELOPMENT_TEAM = 44MJBDB342;
				INFOPLIST_FILE = "Text RecognitionTests/Info.plist";
				IPHONEOS_DEPLOYMENT_TARGET = 13.2;
				LD_RUNPATH_SEARCH_PATHS = (
					"$(inherited)",
					"@executable_path/Frameworks",
					"@loader_path/Frameworks",
				);
				PRODUCT_BUNDLE_IDENTIFIER = "com.DenysPashkov.Text-RecognitionTests";
				PRODUCT_NAME = "$(TARGET_NAME)";
				SWIFT_VERSION = 5.0;
				TARGETED_DEVICE_FAMILY = "1,2";
				TEST_HOST = "$(BUILT_PRODUCTS_DIR)/Text Recognition.app/Text Recognition";
			};
			name = Release;
		};
		8404C83A23F5F9D9008498CE /* Debug */ = {
			isa = XCBuildConfiguration;
			buildSettings = {
				ALWAYS_EMBED_SWIFT_STANDARD_LIBRARIES = YES;
				CODE_SIGN_STYLE = Automatic;
				DEVELOPMENT_TEAM = 44MJBDB342;
				INFOPLIST_FILE = "Text RecognitionUITests/Info.plist";
				LD_RUNPATH_SEARCH_PATHS = (
					"$(inherited)",
					"@executable_path/Frameworks",
					"@loader_path/Frameworks",
				);
				PRODUCT_BUNDLE_IDENTIFIER = "com.DenysPashkov.Text-RecognitionUITests";
				PRODUCT_NAME = "$(TARGET_NAME)";
				SWIFT_VERSION = 5.0;
				TARGETED_DEVICE_FAMILY = "1,2";
				TEST_TARGET_NAME = "Text Recognition";
			};
			name = Debug;
		};
		8404C83B23F5F9D9008498CE /* Release */ = {
			isa = XCBuildConfiguration;
			buildSettings = {
				ALWAYS_EMBED_SWIFT_STANDARD_LIBRARIES = YES;
				CODE_SIGN_STYLE = Automatic;
				DEVELOPMENT_TEAM = 44MJBDB342;
				INFOPLIST_FILE = "Text RecognitionUITests/Info.plist";
				LD_RUNPATH_SEARCH_PATHS = (
					"$(inherited)",
					"@executable_path/Frameworks",
					"@loader_path/Frameworks",
				);
				PRODUCT_BUNDLE_IDENTIFIER = "com.DenysPashkov.Text-RecognitionUITests";
				PRODUCT_NAME = "$(TARGET_NAME)";
				SWIFT_VERSION = 5.0;
				TARGETED_DEVICE_FAMILY = "1,2";
				TEST_TARGET_NAME = "Text Recognition";
			};
			name = Release;
		};
/* End XCBuildConfiguration section */

/* Begin XCConfigurationList section */
		8404C80423F5F9D6008498CE /* Build configuration list for PBXProject "Text Recognition" */ = {
			isa = XCConfigurationList;
			buildConfigurations = (
				8404C83123F5F9D9008498CE /* Debug */,
				8404C83223F5F9D9008498CE /* Release */,
			);
			defaultConfigurationIsVisible = 0;
			defaultConfigurationName = Release;
		};
		8404C83323F5F9D9008498CE /* Build configuration list for PBXNativeTarget "Text Recognition" */ = {
			isa = XCConfigurationList;
			buildConfigurations = (
				8404C83423F5F9D9008498CE /* Debug */,
				8404C83523F5F9D9008498CE /* Release */,
			);
			defaultConfigurationIsVisible = 0;
			defaultConfigurationName = Release;
		};
		8404C83623F5F9D9008498CE /* Build configuration list for PBXNativeTarget "Text RecognitionTests" */ = {
			isa = XCConfigurationList;
			buildConfigurations = (
				8404C83723F5F9D9008498CE /* Debug */,
				8404C83823F5F9D9008498CE /* Release */,
			);
			defaultConfigurationIsVisible = 0;
			defaultConfigurationName = Release;
		};
		8404C83923F5F9D9008498CE /* Build configuration list for PBXNativeTarget "Text RecognitionUITests" */ = {
			isa = XCConfigurationList;
			buildConfigurations = (
				8404C83A23F5F9D9008498CE /* Debug */,
				8404C83B23F5F9D9008498CE /* Release */,
			);
			defaultConfigurationIsVisible = 0;
			defaultConfigurationName = Release;
		};
/* End XCConfigurationList section */
	};
	rootObject = 8404C80123F5F9D6008498CE /* Project object */;
}
